
Microsoft Visual Studio Solution File, Format Version 12.00
# Visual Studio Version 17
VisualStudioVersion = 17.2.32516.85
MinimumVisualStudioVersion = 10.0.40219.1
Project("{FAE04EC0-301F-11D3-BF4B-00C04F79EFBC}") = "CenterTreeLevel", "CenterTreeLevel\CenterTreeLevel.csproj", "{DADAA20F-5854-4BAA-87C2-A78CE631C6A9}"
EndProject
Global
	GlobalSection(SolutionConfigurationPlatforms) = preSolution
		Debug|Any CPU = Debug|Any CPU
		Release|Any CPU = Release|Any CPU
	EndGlobalSection
	GlobalSection(ProjectConfigurationPlatforms) = postSolution
		{DADAA20F-5854-4BAA-87C2-A78CE631C6A9}.Debug|Any CPU.ActiveCfg = Debug|Any CPU
		{DADAA20F-5854-4BAA-87C2-A78CE631C6A9}.Debug|Any CPU.Build.0 = Debug|Any CPU
		{DADAA20F-5854-4BAA-87C2-A78CE631C6A9}.Release|Any CPU.ActiveCfg = Release|Any CPU
		{DADAA20F-5854-4BAA-87C2-A78CE631C6A9}.Release|Any CPU.Build.0 = Release|Any CPU
	EndGlobalSection
	GlobalSection(SolutionProperties) = preSolution
		HideSolutionNode = FALSE
	EndGlobalSection
	GlobalSection(ExtensibilityGlobals) = postSolution
		SolutionGuid = {8EB0EF25-CC25-40C9-AD33-DAB281033898}
	EndGlobalSection
EndGlobal
